
Microsoft Visual Studio Solution File, Format Version 12.00
# Visual Studio Version 17
VisualStudioVersion = 17.5.33530.505
MinimumVisualStudioVersion = 10.0.40219.1
Project("{FAE04EC0-301F-11D3-BF4B-00C04F79EFBC}") = "Labday5", "Labday5\Labday5.csproj", "{131EB7FF-BE83-4964-AB0E-063368A18BAF}"
EndProject
Global
	GlobalSection(SolutionConfigurationPlatforms) = preSolution
		Debug|Any CPU = Debug|Any CPU
		Release|Any CPU = Release|Any CPU
	EndGlobalSection
	GlobalSection(ProjectConfigurationPlatforms) = postSolution
		{131EB7FF-BE83-4964-AB0E-063368A18BAF}.Debug|Any CPU.ActiveCfg = Debug|Any CPU
		{131EB7FF-BE83-4964-AB0E-063368A18BAF}.Debug|Any CPU.Build.0 = Debug|Any CPU
		{131EB7FF-BE83-4964-AB0E-063368A18BAF}.Release|Any CPU.ActiveCfg = Release|Any CPU
		{131EB7FF-BE83-4964-AB0E-063368A18BAF}.Release|Any CPU.Build.0 = Release|Any CPU
	EndGlobalSection
	GlobalSection(SolutionProperties) = preSolution
		HideSolutionNode = FALSE
	EndGlobalSection
	GlobalSection(ExtensibilityGlobals) = postSolution
		SolutionGuid = {28955E39-87C2-4125-9D49-3284EE78D1E6}
	EndGlobalSection
EndGlobal
